
Microsoft Visual Studio Solution File, Format Version 12.00
# Visual Studio Version 16
VisualStudioVersion = 16.0.30011.22
MinimumVisualStudioVersion = 10.0.40219.1
Project("{FAE04EC0-301F-11D3-BF4B-00C04F79EFBC}") = "vSphere_Monitor", "vSphere_Monitor.csproj", "{6672BC8F-21D8-4AE7-9ABA-A4912A6FE05C}"
EndProject
Global
	GlobalSection(SolutionConfigurationPlatforms) = preSolution
		Debug|Any CPU = Debug|Any CPU
		Release|Any CPU = Release|Any CPU
	EndGlobalSection
	GlobalSection(ProjectConfigurationPlatforms) = postSolution
		{6672BC8F-21D8-4AE7-9ABA-A4912A6FE05C}.Debug|Any CPU.ActiveCfg = Debug|Any CPU
		{6672BC8F-21D8-4AE7-9ABA-A4912A6FE05C}.Debug|Any CPU.Build.0 = Debug|Any CPU
		{6672BC8F-21D8-4AE7-9ABA-A4912A6FE05C}.Release|Any CPU.ActiveCfg = Release|Any CPU
		{6672BC8F-21D8-4AE7-9ABA-A4912A6FE05C}.Release|Any CPU.Build.0 = Release|Any CPU
	EndGlobalSection
	GlobalSection(SolutionProperties) = preSolution
		HideSolutionNode = FALSE
	EndGlobalSection
	GlobalSection(ExtensibilityGlobals) = postSolution
		SolutionGuid = {4E31F925-1891-45F0-BDEE-EF1E45AFA63D}
	EndGlobalSection
EndGlobal
